{
    "name": "assembly-script-sdk-example",
    "version": "0.1.0",
    "lockfileVersion": 3,
    "requires": true,
    "packages": {
        "": {
            "name": "assembly-script-sdk-example",
            "version": "0.1.0",
            "dependencies": {
                "@fluent.xyz/assembly-script-sdk": "file:../.."
            }
        },
        "../..": {
            "version": "1.0.0",
            "license": "ISC",
            "bin": {
                "compile": "cli/index.js"
            },
            "devDependencies": {
                "@nomicfoundation/hardhat-toolbox": "^5.0.0",
                "assemblyscript": "^0.27.31",
                "hardhat": "^2.22.18"
            }
        },
        "node_modules/@fluent.xyz/assembly-script-sdk": {
            "resolved": "../..",
            "link": true
        }
    }
}
